
Microsoft Visual Studio Solution File, Format Version 12.00
# Visual Studio Version 17
VisualStudioVersion = 17.4.33205.214
MinimumVisualStudioVersion = 10.0.40219.1
Project("{FAE04EC0-301F-11D3-BF4B-00C04F79EFBC}") = "EfsaneProje", "EfsaneProje.csproj", "{CEFFE74E-C64D-44F8-A007-24E35F7A2A44}"
EndProject
Global
	GlobalSection(SolutionConfigurationPlatforms) = preSolution
		Debug|Any CPU = Debug|Any CPU
		Release|Any CPU = Release|Any CPU
	EndGlobalSection
	GlobalSection(ProjectConfigurationPlatforms) = postSolution
		{CEFFE74E-C64D-44F8-A007-24E35F7A2A44}.Debug|Any CPU.ActiveCfg = Debug|Any CPU
		{CEFFE74E-C64D-44F8-A007-24E35F7A2A44}.Debug|Any CPU.Build.0 = Debug|Any CPU
		{CEFFE74E-C64D-44F8-A007-24E35F7A2A44}.Release|Any CPU.ActiveCfg = Release|Any CPU
		{CEFFE74E-C64D-44F8-A007-24E35F7A2A44}.Release|Any CPU.Build.0 = Release|Any CPU
	EndGlobalSection
	GlobalSection(SolutionProperties) = preSolution
		HideSolutionNode = FALSE
	EndGlobalSection
	GlobalSection(ExtensibilityGlobals) = postSolution
		SolutionGuid = {E09ACDDD-00B5-4CEA-83FA-228741869E83}
	EndGlobalSection
EndGlobal
